// !$*UTF8*$!
{
	archiveVersion = 1;
	classes = {
	};
	objectVersion = 46;
	objects = {

/* Begin PBXBuildFile section */
		BD16D21D153BC91F00ED6DB9 /* AtonTouchMovedUtility.m in Sources */ = {isa = PBXBuildFile; fileRef = BD16D21C153BC91F00ED6DB9 /* AtonTouchMovedUtility.m */; };
		BD16D221153C94BB00ED6DB9 /* TempleSlot.m in Sources */ = {isa = PBXBuildFile; fileRef = BD16D220153C94BB00ED6DB9 /* TempleSlot.m */; };
		BD16D224153CBF5A00ED6DB9 /* AtonTemple.m in Sources */ = {isa = PBXBuildFile; fileRef = BD16D223153CBF5A00ED6DB9 /* AtonTemple.m */; };
		BD16D227153CD4F500ED6DB9 /* AtonGameParameters.m in Sources */ = {isa = PBXBuildFile; fileRef = BD16D226153CD4F400ED6DB9 /* AtonGameParameters.m */; };
		BD16D22B153CDB3400ED6DB9 /* AtonGameInitializer.m in Sources */ = {isa = PBXBuildFile; fileRef = BD16D22A153CDB3400ED6DB9 /* AtonGameInitializer.m */; };
		BD16D22F153CE08400ED6DB9 /* TempleUtility.m in Sources */ = {isa = PBXBuildFile; fileRef = BD16D22E153CE08400ED6DB9 /* TempleUtility.m */; };
		BD3AF23B153F81D30098DE8C /* AtonRoundResult.m in Sources */ = {isa = PBXBuildFile; fileRef = BD3AF23A153F81D30098DE8C /* AtonRoundResult.m */; };
		BD5A54BC153D0703009F5D71 /* StartMenuViewController.m in Sources */ = {isa = PBXBuildFile; fileRef = BD5A54BA153D0703009F5D71 /* StartMenuViewController.m */; };
		BD5A54BD153D0703009F5D71 /* StartMenuViewController.xib in Resources */ = {isa = PBXBuildFile; fileRef = BD5A54BB153D0703009F5D71 /* StartMenuViewController.xib */; };
		BD5A54C1153D126C009F5D71 /* ankh_small.png in Resources */ = {isa = PBXBuildFile; fileRef = BD5A54C0153D126C009F5D71 /* ankh_small.png */; };
		BD5A54C3153D1670009F5D71 /* Aton_OpenView150dpi.png in Resources */ = {isa = PBXBuildFile; fileRef = BD5A54C2153D1670009F5D71 /* Aton_OpenView150dpi.png */; };
		BD5A54C6153D188A009F5D71 /* AtonGameManager.m in Sources */ = {isa = PBXBuildFile; fileRef = BD5A54C5153D188A009F5D71 /* AtonGameManager.m */; };
		BD940B7A153A1F0400660B35 /* UIKit.framework in Frameworks */ = {isa = PBXBuildFile; fileRef = BD940B79153A1F0400660B35 /* UIKit.framework */; };
		BD940B7C153A1F0400660B35 /* Foundation.framework in Frameworks */ = {isa = PBXBuildFile; fileRef = BD940B7B153A1F0400660B35 /* Foundation.framework */; };
		BD940B7E153A1F0400660B35 /* CoreGraphics.framework in Frameworks */ = {isa = PBXBuildFile; fileRef = BD940B7D153A1F0400660B35 /* CoreGraphics.framework */; };
		BD940B84153A1F0400660B35 /* InfoPlist.strings in Resources */ = {isa = PBXBuildFile; fileRef = BD940B82153A1F0400660B35 /* InfoPlist.strings */; };
		BD940B86153A1F0400660B35 /* main.m in Sources */ = {isa = PBXBuildFile; fileRef = BD940B85153A1F0400660B35 /* main.m */; };
		BD940B8A153A1F0400660B35 /* AppDelegate.m in Sources */ = {isa = PBXBuildFile; fileRef = BD940B89153A1F0400660B35 /* AppDelegate.m */; };
		BD940B92153A1F0500660B35 /* SenTestingKit.framework in Frameworks */ = {isa = PBXBuildFile; fileRef = BD940B91153A1F0500660B35 /* SenTestingKit.framework */; };
		BD940B93153A1F0500660B35 /* UIKit.framework in Frameworks */ = {isa = PBXBuildFile; fileRef = BD940B79153A1F0400660B35 /* UIKit.framework */; };
		BD940B94153A1F0500660B35 /* Foundation.framework in Frameworks */ = {isa = PBXBuildFile; fileRef = BD940B7B153A1F0400660B35 /* Foundation.framework */; };
		BD940B9C153A1F0500660B35 /* InfoPlist.strings in Resources */ = {isa = PBXBuildFile; fileRef = BD940B9A153A1F0500660B35 /* InfoPlist.strings */; };
		BD940B9F153A1F0500660B35 /* AtonV1Tests.m in Sources */ = {isa = PBXBuildFile; fileRef = BD940B9E153A1F0500660B35 /* AtonV1Tests.m */; };
		BD940BAB153A1F9300660B35 /* BoardViewController.m in Sources */ = {isa = PBXBuildFile; fileRef = BD940BA9153A1F9300660B35 /* BoardViewController.m */; };
		BD940BAC153A1F9300660B35 /* BoardViewController_iPad.xib in Resources */ = {isa = PBXBuildFile; fileRef = BD940BAA153A1F9300660B35 /* BoardViewController_iPad.xib */; };
		BD974089154C7571003F4E8F /* AtonMessageMaster.m in Sources */ = {isa = PBXBuildFile; fileRef = BD974088154C7571003F4E8F /* AtonMessageMaster.m */; };
		BD97408E154C9AD6003F4E8F /* Blue_icon.png in Resources */ = {isa = PBXBuildFile; fileRef = BD97408C154C9AD6003F4E8F /* Blue_icon.png */; };
		BD97408F154C9AD6003F4E8F /* Red_icon.png in Resources */ = {isa = PBXBuildFile; fileRef = BD97408D154C9AD6003F4E8F /* Red_icon.png */; };
		BD974091154C9BCC003F4E8F /* chime.mp3 in Resources */ = {isa = PBXBuildFile; fileRef = BD974090154C9BCC003F4E8F /* chime.mp3 */; };
		BD974093154CB86A003F4E8F /* OpenMusic_Aton.mp3 in Resources */ = {isa = PBXBuildFile; fileRef = BD974092154CB86A003F4E8F /* OpenMusic_Aton.mp3 */; };
		BDAE712A153A3BED001848F8 /* Blue_Card1.png in Resources */ = {isa = PBXBuildFile; fileRef = BDAE7120153A3BED001848F8 /* Blue_Card1.png */; };
		BDAE712B153A3BED001848F8 /* Blue_Card2.png in Resources */ = {isa = PBXBuildFile; fileRef = BDAE7121153A3BED001848F8 /* Blue_Card2.png */; };
		BDAE712C153A3BED001848F8 /* Blue_Card3.png in Resources */ = {isa = PBXBuildFile; fileRef = BDAE7122153A3BED001848F8 /* Blue_Card3.png */; };
		BDAE712D153A3BED001848F8 /* Blue_Card4.png in Resources */ = {isa = PBXBuildFile; fileRef = BDAE7123153A3BED001848F8 /* Blue_Card4.png */; };
		BDAE712E153A3BED001848F8 /* Blue_CardBack.png in Resources */ = {isa = PBXBuildFile; fileRef = BDAE7124153A3BED001848F8 /* Blue_CardBack.png */; };
		BDAE712F153A3BED001848F8 /* Red_Card1.png in Resources */ = {isa = PBXBuildFile; fileRef = BDAE7125153A3BED001848F8 /* Red_Card1.png */; };
		BDAE7130153A3BED001848F8 /* Red_Card2.png in Resources */ = {isa = PBXBuildFile; fileRef = BDAE7126153A3BED001848F8 /* Red_Card2.png */; };
		BDAE7131153A3BED001848F8 /* Red_Card3.png in Resources */ = {isa = PBXBuildFile; fileRef = BDAE7127153A3BED001848F8 /* Red_Card3.png */; };
		BDAE7132153A3BED001848F8 /* Red_Card4.png in Resources */ = {isa = PBXBuildFile; fileRef = BDAE7128153A3BED001848F8 /* Red_Card4.png */; };
		BDAE7133153A3BED001848F8 /* Red_CardBack.png in Resources */ = {isa = PBXBuildFile; fileRef = BDAE7129153A3BED001848F8 /* Red_CardBack.png */; };
		BDAE7135153A3C90001848F8 /* Aton_gameBoard.png in Resources */ = {isa = PBXBuildFile; fileRef = BDAE7134153A3C90001848F8 /* Aton_gameBoard.png */; };
		BDAE7139153A4277001848F8 /* AtonPlayer.m in Sources */ = {isa = PBXBuildFile; fileRef = BDAE7138153A4277001848F8 /* AtonPlayer.m */; };
		BDAE7140153A6BE4001848F8 /* AtonTouchEndUtility.m in Sources */ = {isa = PBXBuildFile; fileRef = BDAE713F153A6BE4001848F8 /* AtonTouchEndUtility.m */; };
		BDAE7143153A7853001848F8 /* AtonTouchElement.m in Sources */ = {isa = PBXBuildFile; fileRef = BDAE7142153A7853001848F8 /* AtonTouchElement.m */; };
		BDAE7146153A79CA001848F8 /* AtonTouchBeganUtility.m in Sources */ = {isa = PBXBuildFile; fileRef = BDAE7145153A79CA001848F8 /* AtonTouchBeganUtility.m */; };
		BDAE7148153A8BEF001848F8 /* QuartzCore.framework in Frameworks */ = {isa = PBXBuildFile; fileRef = BDAE7147153A8BEF001848F8 /* QuartzCore.framework */; };
		BDAE714B153A9C81001848F8 /* CardElement.m in Sources */ = {isa = PBXBuildFile; fileRef = BDAE714A153A9C81001848F8 /* CardElement.m */; };
		BDB58EA01558C7CE0084AAC4 /* button-22.wav in Resources */ = {isa = PBXBuildFile; fileRef = BDB58E9F1558C7CE0084AAC4 /* button-22.wav */; };
		BDB58EA21558CA5E0084AAC4 /* switch-22.mp3 in Resources */ = {isa = PBXBuildFile; fileRef = BDB58EA11558CA5E0084AAC4 /* switch-22.mp3 */; };
		BDB58EA41558CA810084AAC4 /* egyptJungle.mp3 in Resources */ = {isa = PBXBuildFile; fileRef = BDB58EA31558CA810084AAC4 /* egyptJungle.mp3 */; };
		BDB58EA61558CC980084AAC4 /* switch-22.aiff in Resources */ = {isa = PBXBuildFile; fileRef = BDB58EA51558CC980084AAC4 /* switch-22.aiff */; };
		BDB58EA81558CCB30084AAC4 /* cherokee_war_drum.aiff in Resources */ = {isa = PBXBuildFile; fileRef = BDB58EA71558CCB30084AAC4 /* cherokee_war_drum.aiff */; };
		BDB58EAA1558D1540084AAC4 /* whip_deathTemple.aiff in Resources */ = {isa = PBXBuildFile; fileRef = BDB58EA91558D1540084AAC4 /* whip_deathTemple.aiff */; };
		BDB58EAC1558D69A0084AAC4 /* page-flip-16.mp3 in Resources */ = {isa = PBXBuildFile; fileRef = BDB58EAB1558D69A0084AAC4 /* page-flip-16.mp3 */; };
		BDB58EAE1558DBB30084AAC4 /* button-50.wav in Resources */ = {isa = PBXBuildFile; fileRef = BDB58EAD1558DBB30084AAC4 /* button-50.wav */; };
		BDB58EB4155A3BFC0084AAC4 /* aton_CreditsPage_new.png in Resources */ = {isa = PBXBuildFile; fileRef = BDB58EB3155A3BFC0084AAC4 /* aton_CreditsPage_new.png */; };
		BDB5CE811555E24D00F96A0F /* Redflame1.png in Resources */ = {isa = PBXBuildFile; fileRef = BDB5CE731555E24D00F96A0F /* Redflame1.png */; };
		BDB5CE821555E24D00F96A0F /* Redflame10.png in Resources */ = {isa = PBXBuildFile; fileRef = BDB5CE741555E24D00F96A0F /* Redflame10.png */; };
		BDB5CE831555E24D00F96A0F /* Redflame11.png in Resources */ = {isa = PBXBuildFile; fileRef = BDB5CE751555E24D00F96A0F /* Redflame11.png */; };
		BDB5CE841555E24D00F96A0F /* Redflame12.png in Resources */ = {isa = PBXBuildFile; fileRef = BDB5CE761555E24D00F96A0F /* Redflame12.png */; };
		BDB5CE851555E24D00F96A0F /* Redflame13.png in Resources */ = {isa = PBXBuildFile; fileRef = BDB5CE771555E24D00F96A0F /* Redflame13.png */; };
		BDB5CE861555E24D00F96A0F /* Redflame14.png in Resources */ = {isa = PBXBuildFile; fileRef = BDB5CE781555E24D00F96A0F /* Redflame14.png */; };
		BDB5CE871555E24D00F96A0F /* Redflame2.png in Resources */ = {isa = PBXBuildFile; fileRef = BDB5CE791555E24D00F96A0F /* Redflame2.png */; };
		BDB5CE881555E24D00F96A0F /* Redflame3.png in Resources */ = {isa = PBXBuildFile; fileRef = BDB5CE7A1555E24D00F96A0F /* Redflame3.png */; };
		BDB5CE891555E24D00F96A0F /* Redflame4.png in Resources */ = {isa = PBXBuildFile; fileRef = BDB5CE7B1555E24D00F96A0F /* Redflame4.png */; };
		BDB5CE8A1555E24D00F96A0F /* Redflame5.png in Resources */ = {isa = PBXBuildFile; fileRef = BDB5CE7C1555E24D00F96A0F /* Redflame5.png */; };
		BDB5CE8B1555E24D00F96A0F /* Redflame6.png in Resources */ = {isa = PBXBuildFile; fileRef = BDB5CE7D1555E24D00F96A0F /* Redflame6.png */; };
		BDB5CE8C1555E24D00F96A0F /* Redflame7.png in Resources */ = {isa = PBXBuildFile; fileRef = BDB5CE7E1555E24D00F96A0F /* Redflame7.png */; };
		BDB5CE8D1555E24D00F96A0F /* Redflame8.png in Resources */ = {isa = PBXBuildFile; fileRef = BDB5CE7F1555E24D00F96A0F /* Redflame8.png */; };
		BDB5CE8E1555E24D00F96A0F /* Redflame9.png in Resources */ = {isa = PBXBuildFile; fileRef = BDB5CE801555E24D00F96A0F /* Redflame9.png */; };
		BDB5CE9D1555EC1600F96A0F /* blueFlame1.png in Resources */ = {isa = PBXBuildFile; fileRef = BDB5CE911555EC1600F96A0F /* blueFlame1.png */; };
		BDB5CE9E1555EC1600F96A0F /* blueFlame10.png in Resources */ = {isa = PBXBuildFile; fileRef = BDB5CE921555EC1600F96A0F /* blueFlame10.png */; };
		BDB5CE9F1555EC1600F96A0F /* blueFlame11.png in Resources */ = {isa = PBXBuildFile; fileRef = BDB5CE931555EC1600F96A0F /* blueFlame11.png */; };
		BDB5CEA01555EC1600F96A0F /* blueFlame12.png in Resources */ = {isa = PBXBuildFile; fileRef = BDB5CE941555EC1600F96A0F /* blueFlame12.png */; };
		BDB5CEA11555EC1600F96A0F /* blueFlame2.png in Resources */ = {isa = PBXBuildFile; fileRef = BDB5CE951555EC1600F96A0F /* blueFlame2.png */; };
		BDB5CEA21555EC1600F96A0F /* blueFlame3.png in Resources */ = {isa = PBXBuildFile; fileRef = BDB5CE961555EC1600F96A0F /* blueFlame3.png */; };
		BDB5CEA31555EC1600F96A0F /* blueFlame4.png in Resources */ = {isa = PBXBuildFile; fileRef = BDB5CE971555EC1600F96A0F /* blueFlame4.png */; };
		BDB5CEA41555EC1600F96A0F /* blueFlame5.png in Resources */ = {isa = PBXBuildFile; fileRef = BDB5CE981555EC1600F96A0F /* blueFlame5.png */; };
		BDB5CEA51555EC1600F96A0F /* blueFlame6.png in Resources */ = {isa = PBXBuildFile; fileRef = BDB5CE991555EC1600F96A0F /* blueFlame6.png */; };
		BDB5CEA61555EC1600F96A0F /* blueFlame7.png in Resources */ = {isa = PBXBuildFile; fileRef = BDB5CE9A1555EC1600F96A0F /* blueFlame7.png */; };
		BDB5CEA71555EC1600F96A0F /* blueFlame8.png in Resources */ = {isa = PBXBuildFile; fileRef = BDB5CE9B1555EC1600F96A0F /* blueFlame8.png */; };
		BDB5CEA81555EC1600F96A0F /* blueFlame9.png in Resources */ = {isa = PBXBuildFile; fileRef = BDB5CE9C1555EC1600F96A0F /* blueFlame9.png */; };
		BDD3AE90154233380013C89A /* ScoreScarab.m in Sources */ = {isa = PBXBuildFile; fileRef = BDD3AE8F154233380013C89A /* ScoreScarab.m */; };
		BDD3AE931543552D0013C89A /* Red_CardBack_stack.png in Resources */ = {isa = PBXBuildFile; fileRef = BDD3AE921543552D0013C89A /* Red_CardBack_stack.png */; };
		BDD3AE9515435E290013C89A /* Blue_CardBack_stack.png in Resources */ = {isa = PBXBuildFile; fileRef = BDD3AE9415435E290013C89A /* Blue_CardBack_stack.png */; };
		BDD3AEA015476BA90013C89A /* TempleScoreResult.m in Sources */ = {isa = PBXBuildFile; fileRef = BDD3AE9F15476BA90013C89A /* TempleScoreResult.m */; };
		BDD3AEA71548F80E0013C89A /* aton_mainBackground.png in Resources */ = {isa = PBXBuildFile; fileRef = BDD3AEA61548F80E0013C89A /* aton_mainBackground.png */; };
		BDD3AEAA154913080013C89A /* Aton_MessageScroll.png in Resources */ = {isa = PBXBuildFile; fileRef = BDD3AEA9154913080013C89A /* Aton_MessageScroll.png */; };
		BDD3AEAC154913200013C89A /* Aton_CreditsPage.png in Resources */ = {isa = PBXBuildFile; fileRef = BDD3AEAB154913200013C89A /* Aton_CreditsPage.png */; };
		BDD3AEAF15491F7D0013C89A /* CreditViewController.m in Sources */ = {isa = PBXBuildFile; fileRef = BDD3AEAE15491F7C0013C89A /* CreditViewController.m */; };
		BDD3AEB51549D2990013C89A /* rooster.aiff in Resources */ = {isa = PBXBuildFile; fileRef = BDD3AEB41549D2990013C89A /* rooster.aiff */; };
		BDD3AEB71549D2A50013C89A /* sheep.wav in Resources */ = {isa = PBXBuildFile; fileRef = BDD3AEB61549D2A50013C89A /* sheep.wav */; };
		BDD3AEBA1549F7C90013C89A /* AVFoundation.framework in Frameworks */ = {isa = PBXBuildFile; fileRef = BDD3AEB01549D2170013C89A /* AVFoundation.framework */; };
		BDD3AEBC1549FAD30013C89A /* train_crossing.mp3 in Resources */ = {isa = PBXBuildFile; fileRef = BDD3AEBB1549FAD30013C89A /* train_crossing.mp3 */; };
		BDD3AEC4154B93340013C89A /* PlayerViewController.m in Sources */ = {isa = PBXBuildFile; fileRef = BDD3AEC2154B93300013C89A /* PlayerViewController.m */; };
		BDD3AEC5154B93340013C89A /* PlayerViewController.xib in Resources */ = {isa = PBXBuildFile; fileRef = BDD3AEC3154B93330013C89A /* PlayerViewController.xib */; };
		BDDA77A7153D2983003F3530 /* Aton_Icon72dpi.png in Resources */ = {isa = PBXBuildFile; fileRef = BDDA77A5153D293C003F3530 /* Aton_Icon72dpi.png */; };
		BDDA77B3153D2E43003F3530 /* White_Cylinder.png in Resources */ = {isa = PBXBuildFile; fileRef = BDDA77AD153D2E43003F3530 /* White_Cylinder.png */; };
		BDDA77B4153D2E43003F3530 /* White_Cylinder.png.tmp$$ in Resources */ = {isa = PBXBuildFile; fileRef = BDDA77AE153D2E43003F3530 /* White_Cylinder.png.tmp$$ */; };
		BDDA77B6153D2FCC003F3530 /* Aton_IconPrist.png in Resources */ = {isa = PBXBuildFile; fileRef = BDDA77B5153D2FCC003F3530 /* Aton_IconPrist.png */; };
		BDDA77B8153D3038003F3530 /* Blue_Disc.png in Resources */ = {isa = PBXBuildFile; fileRef = BDDA77B7153D3038003F3530 /* Blue_Disc.png */; };
		BDDA77BA153D3070003F3530 /* Red_Disc.png in Resources */ = {isa = PBXBuildFile; fileRef = BDDA77B9153D3070003F3530 /* Red_Disc.png */; };
		BDDA77BF153D3202003F3530 /* Blue_Cylinder.png in Resources */ = {isa = PBXBuildFile; fileRef = BDDA77BD153D3202003F3530 /* Blue_Cylinder.png */; };
		BDDA77C0153D3202003F3530 /* Red_Cylinder.png in Resources */ = {isa = PBXBuildFile; fileRef = BDDA77BE153D3202003F3530 /* Red_Cylinder.png */; };
		BDDA77C3153DF2CA003F3530 /* AtonGameEngine.m in Sources */ = {isa = PBXBuildFile; fileRef = BDDA77C2153DF2CA003F3530 /* AtonGameEngine.m */; };
		BDF3F6B815524060005D26EA /* Red_icon_big.png in Resources */ = {isa = PBXBuildFile; fileRef = BDF3F6B715524060005D26EA /* Red_icon_big.png */; };
		BDF3F6BB1552406A005D26EA /* Blue_icon_big.png in Resources */ = {isa = PBXBuildFile; fileRef = BDF3F6BA1552406A005D26EA /* Blue_icon_big.png */; };
		BDF3F6BD15524093005D26EA /* name_frame.png in Resources */ = {isa = PBXBuildFile; fileRef = BDF3F6BC15524093005D26EA /* name_frame.png */; };
		BDF3F6C215524A21005D26EA /* scrollDown_blank.png in Resources */ = {isa = PBXBuildFile; fileRef = BDF3F6BF15524A21005D26EA /* scrollDown_blank.png */; };
		BDF3F6C315524A21005D26EA /* scrollDown_done.png in Resources */ = {isa = PBXBuildFile; fileRef = BDF3F6C015524A21005D26EA /* scrollDown_done.png */; };
		BDF3F6C415524A21005D26EA /* scrollDown_exchange.png in Resources */ = {isa = PBXBuildFile; fileRef = BDF3F6C115524A21005D26EA /* scrollDown_exchange.png */; };
		BDF533EB1556ED11003BBA23 /* OpenMusic_Aton_new.wav in Resources */ = {isa = PBXBuildFile; fileRef = BDF533EA1556ED11003BBA23 /* OpenMusic_Aton_new.wav */; };
		BDF533EF15573300003BBA23 /* RuleViewController.m in Sources */ = {isa = PBXBuildFile; fileRef = BDF533EE15573300003BBA23 /* RuleViewController.m */; };
		BDF533F1155733A5003BBA23 /* rule_all_middle.png in Resources */ = {isa = PBXBuildFile; fileRef = BDF533F0155733A5003BBA23 /* rule_all_middle.png */; };
		BDF533FB155740C9003BBA23 /* button_back.png in Resources */ = {isa = PBXBuildFile; fileRef = BDF533F7155740C9003BBA23 /* button_back.png */; };
		BDF533FC155740C9003BBA23 /* button_no.png in Resources */ = {isa = PBXBuildFile; fileRef = BDF533F8155740C9003BBA23 /* button_no.png */; };
		BDF533FD155740C9003BBA23 /* button_play.png in Resources */ = {isa = PBXBuildFile; fileRef = BDF533F9155740C9003BBA23 /* button_play.png */; };
		BDF533FE155740C9003BBA23 /* button_yes.png in Resources */ = {isa = PBXBuildFile; fileRef = BDF533FA155740C9003BBA23 /* button_yes.png */; };
/* End PBXBuildFile section */

/* Begin PBXContainerItemProxy section */
		BD940B95153A1F0500660B35 /* PBXContainerItemProxy */ = {
			isa = PBXContainerItemProxy;
			containerPortal = BD940B6C153A1F0400660B35 /* Project object */;
			proxyType = 1;
			remoteGlobalIDString = BD940B74153A1F0400660B35;
			remoteInfo = AtonV1;
		};
/* End PBXContainerItemProxy section */

/* Begin PBXFileReference section */
		BD16D21B153BC91F00ED6DB9 /* AtonTouchMovedUtility.h */ = {isa = PBXFileReference; fileEncoding = 4; lastKnownFileType = sourcecode.c.h; path = AtonTouchMovedUtility.h; sourceTree = "<group>"; };
		BD16D21C153BC91F00ED6DB9 /* AtonTouchMovedUtility.m */ = {isa = PBXFileReference; fileEncoding = 4; lastKnownFileType = sourcecode.c.objc; path = AtonTouchMovedUtility.m; sourceTree = "<group>"; };
		BD16D21F153C94BB00ED6DB9 /* TempleSlot.h */ = {isa = PBXFileReference; fileEncoding = 4; lastKnownFileType = sourcecode.c.h; path = TempleSlot.h; sourceTree = "<group>"; };
		BD16D220153C94BB00ED6DB9 /* TempleSlot.m */ = {isa = PBXFileReference; fileEncoding = 4; lastKnownFileType = sourcecode.c.objc; path = TempleSlot.m; sourceTree = "<group>"; };
		BD16D222153CBF5A00ED6DB9 /* AtonTemple.h */ = {isa = PBXFileReference; fileEncoding = 4; lastKnownFileType = sourcecode.c.h; path = AtonTemple.h; sourceTree = "<group>"; };
		BD16D223153CBF5A00ED6DB9 /* AtonTemple.m */ = {isa = PBXFileReference; fileEncoding = 4; lastKnownFileType = sourcecode.c.objc; path = AtonTemple.m; sourceTree = "<group>"; };
		BD16D225153CD4F300ED6DB9 /* AtonGameParameters.h */ = {isa = PBXFileReference; fileEncoding = 4; lastKnownFileType = sourcecode.c.h; path = AtonGameParameters.h; sourceTree = "<group>"; };
		BD16D226153CD4F400ED6DB9 /* AtonGameParameters.m */ = {isa = PBXFileReference; fileEncoding = 4; lastKnownFileType = sourcecode.c.objc; path = AtonGameParameters.m; sourceTree = "<group>"; };
		BD16D229153CDB3400ED6DB9 /* AtonGameInitializer.h */ = {isa = PBXFileReference; fileEncoding = 4; lastKnownFileType = sourcecode.c.h; path = AtonGameInitializer.h; sourceTree = "<group>"; };
		BD16D22A153CDB3400ED6DB9 /* AtonGameInitializer.m */ = {isa = PBXFileReference; fileEncoding = 4; lastKnownFileType = sourcecode.c.objc; path = AtonGameInitializer.m; sourceTree = "<group>"; };
		BD16D22D153CE08400ED6DB9 /* TempleUtility.h */ = {isa = PBXFileReference; fileEncoding = 4; lastKnownFileType = sourcecode.c.h; path = TempleUtility.h; sourceTree = "<group>"; };
		BD16D22E153CE08400ED6DB9 /* TempleUtility.m */ = {isa = PBXFileReference; fileEncoding = 4; lastKnownFileType = sourcecode.c.objc; path = TempleUtility.m; sourceTree = "<group>"; };
		BD3AF239153F81D30098DE8C /* AtonRoundResult.h */ = {isa = PBXFileReference; fileEncoding = 4; lastKnownFileType = sourcecode.c.h; path = AtonRoundResult.h; sourceTree = "<group>"; };
		BD3AF23A153F81D30098DE8C /* AtonRoundResult.m */ = {isa = PBXFileReference; fileEncoding = 4; lastKnownFileType = sourcecode.c.objc; path = AtonRoundResult.m; sourceTree = "<group>"; };
		BD5A54B9153D0703009F5D71 /* StartMenuViewController.h */ = {isa = PBXFileReference; fileEncoding = 4; lastKnownFileType = sourcecode.c.h; path = StartMenuViewController.h; sourceTree = "<group>"; };
		BD5A54BA153D0703009F5D71 /* StartMenuViewController.m */ = {isa = PBXFileReference; fileEncoding = 4; lastKnownFileType = sourcecode.c.objc; path = StartMenuViewController.m; sourceTree = "<group>"; };
		BD5A54BB153D0703009F5D71 /* StartMenuViewController.xib */ = {isa = PBXFileReference; fileEncoding = 4; lastKnownFileType = file.xib; path = StartMenuViewController.xib; sourceTree = "<group>"; };
		BD5A54C0153D126C009F5D71 /* ankh_small.png */ = {isa = PBXFileReference; lastKnownFileType = image.png; path = ankh_small.png; sourceTree = "<group>"; };
		BD5A54C2153D1670009F5D71 /* Aton_OpenView150dpi.png */ = {isa = PBXFileReference; lastKnownFileType = image.png; path = Aton_OpenView150dpi.png; sourceTree = "<group>"; };
		BD5A54C4153D188A009F5D71 /* AtonGameManager.h */ = {isa = PBXFileReference; fileEncoding = 4; lastKnownFileType = sourcecode.c.h; path = AtonGameManager.h; sourceTree = "<group>"; };
		BD5A54C5153D188A009F5D71 /* AtonGameManager.m */ = {isa = PBXFileReference; fileEncoding = 4; lastKnownFileType = sourcecode.c.objc; path = AtonGameManager.m; sourceTree = "<group>"; };
		BD940B75153A1F0400660B35 /* Aton.app */ = {isa = PBXFileReference; explicitFileType = wrapper.application; includeInIndex = 0; path = Aton.app; sourceTree = BUILT_PRODUCTS_DIR; };
		BD940B79153A1F0400660B35 /* UIKit.framework */ = {isa = PBXFileReference; lastKnownFileType = wrapper.framework; name = UIKit.framework; path = System/Library/Frameworks/UIKit.framework; sourceTree = SDKROOT; };
		BD940B7B153A1F0400660B35 /* Foundation.framework */ = {isa = PBXFileReference; lastKnownFileType = wrapper.framework; name = Foundation.framework; path = System/Library/Frameworks/Foundation.framework; sourceTree = SDKROOT; };
		BD940B7D153A1F0400660B35 /* CoreGraphics.framework */ = {isa = PBXFileReference; lastKnownFileType = wrapper.framework; name = CoreGraphics.framework; path = System/Library/Frameworks/CoreGraphics.framework; sourceTree = SDKROOT; };
		BD940B81153A1F0400660B35 /* AtonV1-Info.plist */ = {isa = PBXFileReference; lastKnownFileType = text.plist.xml; path = "AtonV1-Info.plist"; sourceTree = "<group>"; };
		BD940B83153A1F0400660B35 /* en */ = {isa = PBXFileReference; lastKnownFileType = text.plist.strings; name = en; path = en.lproj/InfoPlist.strings; sourceTree = "<group>"; };
		BD940B85153A1F0400660B35 /* main.m */ = {isa = PBXFileReference; lastKnownFileType = sourcecode.c.objc; path = main.m; sourceTree = "<group>"; };
		BD940B87153A1F0400660B35 /* AtonV1-Prefix.pch */ = {isa = PBXFileReference; lastKnownFileType = sourcecode.c.h; path = "AtonV1-Prefix.pch"; sourceTree = "<group>"; };
		BD940B88153A1F0400660B35 /* AppDelegate.h */ = {isa = PBXFileReference; lastKnownFileType = sourcecode.c.h; path = AppDelegate.h; sourceTree = "<group>"; };
		BD940B89153A1F0400660B35 /* AppDelegate.m */ = {isa = PBXFileReference; lastKnownFileType = sourcecode.c.objc; path = AppDelegate.m; sourceTree = "<group>"; };
		BD940B90153A1F0500660B35 /* AtonV1Tests.octest */ = {isa = PBXFileReference; explicitFileType = wrapper.cfbundle; includeInIndex = 0; path = AtonV1Tests.octest; sourceTree = BUILT_PRODUCTS_DIR; };
		BD940B91153A1F0500660B35 /* SenTestingKit.framework */ = {isa = PBXFileReference; lastKnownFileType = wrapper.framework; name = SenTestingKit.framework; path = Library/Frameworks/SenTestingKit.framework; sourceTree = DEVELOPER_DIR; };
		BD940B99153A1F0500660B35 /* AtonV1Tests-Info.plist */ = {isa = PBXFileReference; lastKnownFileType = text.plist.xml; path = "AtonV1Tests-Info.plist"; sourceTree = "<group>"; };
		BD940B9B153A1F0500660B35 /* en */ = {isa = PBXFileReference; lastKnownFileType = text.plist.strings; name = en; path = en.lproj/InfoPlist.strings; sourceTree = "<group>"; };
		BD940B9D153A1F0500660B35 /* AtonV1Tests.h */ = {isa = PBXFileReference; lastKnownFileType = sourcecode.c.h; path = AtonV1Tests.h; sourceTree = "<group>"; };
		BD940B9E153A1F0500660B35 /* AtonV1Tests.m */ = {isa = PBXFileReference; lastKnownFileType = sourcecode.c.objc; path = AtonV1Tests.m; sourceTree = "<group>"; };
		BD940BA8153A1F9300660B35 /* BoardViewController.h */ = {isa = PBXFileReference; fileEncoding = 4; lastKnownFileType = sourcecode.c.h; path = BoardViewController.h; sourceTree = "<group>"; };
		BD940BA9153A1F9300660B35 /* BoardViewController.m */ = {isa = PBXFileReference; fileEncoding = 4; lastKnownFileType = sourcecode.c.objc; path = BoardViewController.m; sourceTree = "<group>"; };
		BD940BAA153A1F9300660B35 /* BoardViewController_iPad.xib */ = {isa = PBXFileReference; fileEncoding = 4; lastKnownFileType = file.xib; path = BoardViewController_iPad.xib; sourceTree = "<group>"; };
		BD974087154C7570003F4E8F /* AtonMessageMaster.h */ = {isa = PBXFileReference; fileEncoding = 4; lastKnownFileType = sourcecode.c.h; path = AtonMessageMaster.h; sourceTree = "<group>"; };
		BD974088154C7571003F4E8F /* AtonMessageMaster.m */ = {isa = PBXFileReference; fileEncoding = 4; lastKnownFileType = sourcecode.c.objc; path = AtonMessageMaster.m; sourceTree = "<group>"; };
		BD97408C154C9AD6003F4E8F /* Blue_icon.png */ = {isa = PBXFileReference; lastKnownFileType = image.png; path = Blue_icon.png; sourceTree = "<group>"; };
		BD97408D154C9AD6003F4E8F /* Red_icon.png */ = {isa = PBXFileReference; lastKnownFileType = image.png; path = Red_icon.png; sourceTree = "<group>"; };
		BD974090154C9BCC003F4E8F /* chime.mp3 */ = {isa = PBXFileReference; lastKnownFileType = audio.mp3; path = chime.mp3; sourceTree = "<group>"; };
		BD974092154CB86A003F4E8F /* OpenMusic_Aton.mp3 */ = {isa = PBXFileReference; lastKnownFileType = audio.mp3; path = OpenMusic_Aton.mp3; sourceTree = "<group>"; };
		BDAE7120153A3BED001848F8 /* Blue_Card1.png */ = {isa = PBXFileReference; lastKnownFileType = image.png; path = Blue_Card1.png; sourceTree = "<group>"; };
		BDAE7121153A3BED001848F8 /* Blue_Card2.png */ = {isa = PBXFileReference; lastKnownFileType = image.png; path = Blue_Card2.png; sourceTree = "<group>"; };
		BDAE7122153A3BED001848F8 /* Blue_Card3.png */ = {isa = PBXFileReference; lastKnownFileType = image.png; path = Blue_Card3.png; sourceTree = "<group>"; };
		BDAE7123153A3BED001848F8 /* Blue_Card4.png */ = {isa = PBXFileReference; lastKnownFileType = image.png; path = Blue_Card4.png; sourceTree = "<group>"; };
		BDAE7124153A3BED001848F8 /* Blue_CardBack.png */ = {isa = PBXFileReference; lastKnownFileType = image.png; path = Blue_CardBack.png; sourceTree = "<group>"; };
		BDAE7125153A3BED001848F8 /* Red_Card1.png */ = {isa = PBXFileReference; lastKnownFileType = image.png; path = Red_Card1.png; sourceTree = "<group>"; };
		BDAE7126153A3BED001848F8 /* Red_Card2.png */ = {isa = PBXFileReference; lastKnownFileType = image.png; path = Red_Card2.png; sourceTree = "<group>"; };
		BDAE7127153A3BED001848F8 /* Red_Card3.png */ = {isa = PBXFileReference; lastKnownFileType = image.png; path = Red_Card3.png; sourceTree = "<group>"; };
		BDAE7128153A3BED001848F8 /* Red_Card4.png */ = {isa = PBXFileReference; lastKnownFileType = image.png; path = Red_Card4.png; sourceTree = "<group>"; };
		BDAE7129153A3BED001848F8 /* Red_CardBack.png */ = {isa = PBXFileReference; lastKnownFileType = image.png; path = Red_CardBack.png; sourceTree = "<group>"; };
		BDAE7134153A3C90001848F8 /* Aton_gameBoard.png */ = {isa = PBXFileReference; lastKnownFileType = image.png; path = Aton_gameBoard.png; sourceTree = "<group>"; };
		BDAE7137153A4277001848F8 /* AtonPlayer.h */ = {isa = PBXFileReference; fileEncoding = 4; lastKnownFileType = sourcecode.c.h; path = AtonPlayer.h; sourceTree = "<group>"; };
		BDAE7138153A4277001848F8 /* AtonPlayer.m */ = {isa = PBXFileReference; fileEncoding = 4; lastKnownFileType = sourcecode.c.objc; path = AtonPlayer.m; sourceTree = "<group>"; };
		BDAE713E153A6BE4001848F8 /* AtonTouchEndUtility.h */ = {isa = PBXFileReference; fileEncoding = 4; lastKnownFileType = sourcecode.c.h; path = AtonTouchEndUtility.h; sourceTree = "<group>"; };
		BDAE713F153A6BE4001848F8 /* AtonTouchEndUtility.m */ = {isa = PBXFileReference; fileEncoding = 4; lastKnownFileType = sourcecode.c.objc; path = AtonTouchEndUtility.m; sourceTree = "<group>"; };
		BDAE7141153A7853001848F8 /* AtonTouchElement.h */ = {isa = PBXFileReference; fileEncoding = 4; lastKnownFileType = sourcecode.c.h; path = AtonTouchElement.h; sourceTree = "<group>"; };
		BDAE7142153A7853001848F8 /* AtonTouchElement.m */ = {isa = PBXFileReference; fileEncoding = 4; lastKnownFileType = sourcecode.c.objc; path = AtonTouchElement.m; sourceTree = "<group>"; };
		BDAE7144153A79CA001848F8 /* AtonTouchBeganUtility.h */ = {isa = PBXFileReference; fileEncoding = 4; lastKnownFileType = sourcecode.c.h; path = AtonTouchBeganUtility.h; sourceTree = "<group>"; };
		BDAE7145153A79CA001848F8 /* AtonTouchBeganUtility.m */ = {isa = PBXFileReference; fileEncoding = 4; lastKnownFileType = sourcecode.c.objc; path = AtonTouchBeganUtility.m; sourceTree = "<group>"; };
		BDAE7147153A8BEF001848F8 /* QuartzCore.framework */ = {isa = PBXFileReference; lastKnownFileType = wrapper.framework; name = QuartzCore.framework; path = System/Library/Frameworks/QuartzCore.framework; sourceTree = SDKROOT; };
		BDAE7149153A9C81001848F8 /* CardElement.h */ = {isa = PBXFileReference; fileEncoding = 4; lastKnownFileType = sourcecode.c.h; path = CardElement.h; sourceTree = "<group>"; };
		BDAE714A153A9C81001848F8 /* CardElement.m */ = {isa = PBXFileReference; fileEncoding = 4; lastKnownFileType = sourcecode.c.objc; path = CardElement.m; sourceTree = "<group>"; };
		BDB58E9F1558C7CE0084AAC4 /* button-22.wav */ = {isa = PBXFileReference; lastKnownFileType = audio.wav; path = "button-22.wav"; sourceTree = "<group>"; };
		BDB58EA11558CA5E0084AAC4 /* switch-22.mp3 */ = {isa = PBXFileReference; lastKnownFileType = audio.mp3; path = "switch-22.mp3"; sourceTree = "<group>"; };
		BDB58EA31558CA810084AAC4 /* egyptJungle.mp3 */ = {isa = PBXFileReference; lastKnownFileType = audio.mp3; path = egyptJungle.mp3; sourceTree = "<group>"; };
		BDB58EA51558CC980084AAC4 /* switch-22.aiff */ = {isa = PBXFileReference; lastKnownFileType = audio.aiff; path = "switch-22.aiff"; sourceTree = "<group>"; };
		BDB58EA71558CCB30084AAC4 /* cherokee_war_drum.aiff */ = {isa = PBXFileReference; lastKnownFileType = audio.aiff; path = cherokee_war_drum.aiff; sourceTree = "<group>"; };
		BDB58EA91558D1540084AAC4 /* whip_deathTemple.aiff */ = {isa = PBXFileReference; lastKnownFileType = audio.aiff; path = whip_deathTemple.aiff; sourceTree = "<group>"; };
		BDB58EAB1558D69A0084AAC4 /* page-flip-16.mp3 */ = {isa = PBXFileReference; lastKnownFileType = audio.mp3; path = "page-flip-16.mp3"; sourceTree = "<group>"; };
		BDB58EAD1558DBB30084AAC4 /* button-50.wav */ = {isa = PBXFileReference; lastKnownFileType = audio.wav; path = "button-50.wav"; sourceTree = "<group>"; };
		BDB58EB3155A3BFC0084AAC4 /* aton_CreditsPage_new.png */ = {isa = PBXFileReference; lastKnownFileType = image.png; path = aton_CreditsPage_new.png; sourceTree = "<group>"; };
		BDB5CE731555E24D00F96A0F /* Redflame1.png */ = {isa = PBXFileReference; lastKnownFileType = image.png; path = Redflame1.png; sourceTree = "<group>"; };
		BDB5CE741555E24D00F96A0F /* Redflame10.png */ = {isa = PBXFileReference; lastKnownFileType = image.png; path = Redflame10.png; sourceTree = "<group>"; };
		BDB5CE751555E24D00F96A0F /* Redflame11.png */ = {isa = PBXFileReference; lastKnownFileType = image.png; path = Redflame11.png; sourceTree = "<group>"; };
		BDB5CE761555E24D00F96A0F /* Redflame12.png */ = {isa = PBXFileReference; lastKnownFileType = image.png; path = Redflame12.png; sourceTree = "<group>"; };
		BDB5CE771555E24D00F96A0F /* Redflame13.png */ = {isa = PBXFileReference; lastKnownFileType = image.png; path = Redflame13.png; sourceTree = "<group>"; };
		BDB5CE781555E24D00F96A0F /* Redflame14.png */ = {isa = PBXFileReference; lastKnownFileType = image.png; path = Redflame14.png; sourceTree = "<group>"; };
		BDB5CE791555E24D00F96A0F /* Redflame2.png */ = {isa = PBXFileReference; lastKnownFileType = image.png; path = Redflame2.png; sourceTree = "<group>"; };
		BDB5CE7A1555E24D00F96A0F /* Redflame3.png */ = {isa = PBXFileReference; lastKnownFileType = image.png; path = Redflame3.png; sourceTree = "<group>"; };
		BDB5CE7B1555E24D00F96A0F /* Redflame4.png */ = {isa = PBXFileReference; lastKnownFileType = image.png; path = Redflame4.png; sourceTree = "<group>"; };
		BDB5CE7C1555E24D00F96A0F /* Redflame5.png */ = {isa = PBXFileReference; lastKnownFileType = image.png; path = Redflame5.png; sourceTree = "<group>"; };
		BDB5CE7D1555E24D00F96A0F /* Redflame6.png */ = {isa = PBXFileReference; lastKnownFileType = image.png; path = Redflame6.png; sourceTree = "<group>"; };
		BDB5CE7E1555E24D00F96A0F /* Redflame7.png */ = {isa = PBXFileReference; lastKnownFileType = image.png; path = Redflame7.png; sourceTree = "<group>"; };
		BDB5CE7F1555E24D00F96A0F /* Redflame8.png */ = {isa = PBXFileReference; lastKnownFileType = image.png; path = Redflame8.png; sourceTree = "<group>"; };
		BDB5CE801555E24D00F96A0F /* Redflame9.png */ = {isa = PBXFileReference; lastKnownFileType = image.png; path = Redflame9.png; sourceTree = "<group>"; };
		BDB5CE911555EC1600F96A0F /* blueFlame1.png */ = {isa = PBXFileReference; lastKnownFileType = image.png; path = blueFlame1.png; sourceTree = "<group>"; };
		BDB5CE921555EC1600F96A0F /* blueFlame10.png */ = {isa = PBXFileReference; lastKnownFileType = image.png; path = blueFlame10.png; sourceTree = "<group>"; };
		BDB5CE931555EC1600F96A0F /* blueFlame11.png */ = {isa = PBXFileReference; lastKnownFileType = image.png; path = blueFlame11.png; sourceTree = "<group>"; };
		BDB5CE941555EC1600F96A0F /* blueFlame12.png */ = {isa = PBXFileReference; lastKnownFileType = image.png; path = blueFlame12.png; sourceTree = "<group>"; };
		BDB5CE951555EC1600F96A0F /* blueFlame2.png */ = {isa = PBXFileReference; lastKnownFileType = image.png; path = blueFlame2.png; sourceTree = "<group>"; };
		BDB5CE961555EC1600F96A0F /* blueFlame3.png */ = {isa = PBXFileReference; lastKnownFileType = image.png; path = blueFlame3.png; sourceTree = "<group>"; };
		BDB5CE971555EC1600F96A0F /* blueFlame4.png */ = {isa = PBXFileReference; lastKnownFileType = image.png; path = blueFlame4.png; sourceTree = "<group>"; };
		BDB5CE981555EC1600F96A0F /* blueFlame5.png */ = {isa = PBXFileReference; lastKnownFileType = image.png; path = blueFlame5.png; sourceTree = "<group>"; };
		BDB5CE991555EC1600F96A0F /* blueFlame6.png */ = {isa = PBXFileReference; lastKnownFileType = image.png; path = blueFlame6.png; sourceTree = "<group>"; };
		BDB5CE9A1555EC1600F96A0F /* blueFlame7.png */ = {isa = PBXFileReference; lastKnownFileType = image.png; path = blueFlame7.png; sourceTree = "<group>"; };
		BDB5CE9B1555EC1600F96A0F /* blueFlame8.png */ = {isa = PBXFileReference; lastKnownFileType = image.png; path = blueFlame8.png; sourceTree = "<group>"; };
		BDB5CE9C1555EC1600F96A0F /* blueFlame9.png */ = {isa = PBXFileReference; lastKnownFileType = image.png; path = blueFlame9.png; sourceTree = "<group>"; };
		BDD3AE8E154233380013C89A /* ScoreScarab.h */ = {isa = PBXFileReference; fileEncoding = 4; lastKnownFileType = sourcecode.c.h; path = ScoreScarab.h; sourceTree = "<group>"; };
		BDD3AE8F154233380013C89A /* ScoreScarab.m */ = {isa = PBXFileReference; fileEncoding = 4; lastKnownFileType = sourcecode.c.objc; path = ScoreScarab.m; sourceTree = "<group>"; };
		BDD3AE921543552D0013C89A /* Red_CardBack_stack.png */ = {isa = PBXFileReference; lastKnownFileType = image.png; path = Red_CardBack_stack.png; sourceTree = "<group>"; };
		BDD3AE9415435E290013C89A /* Blue_CardBack_stack.png */ = {isa = PBXFileReference; lastKnownFileType = image.png; path = Blue_CardBack_stack.png; sourceTree = "<group>"; };
		BDD3AE9E15476BA80013C89A /* TempleScoreResult.h */ = {isa = PBXFileReference; fileEncoding = 4; lastKnownFileType = sourcecode.c.h; path = TempleScoreResult.h; sourceTree = "<group>"; };
		BDD3AE9F15476BA90013C89A /* TempleScoreResult.m */ = {isa = PBXFileReference; fileEncoding = 4; lastKnownFileType = sourcecode.c.objc; path = TempleScoreResult.m; sourceTree = "<group>"; };
		BDD3AEA61548F80E0013C89A /* aton_mainBackground.png */ = {isa = PBXFileReference; lastKnownFileType = image.png; path = aton_mainBackground.png; sourceTree = "<group>"; };
		BDD3AEA9154913080013C89A /* Aton_MessageScroll.png */ = {isa = PBXFileReference; lastKnownFileType = image.png; path = Aton_MessageScroll.png; sourceTree = "<group>"; };
		BDD3AEAB154913200013C89A /* Aton_CreditsPage.png */ = {isa = PBXFileReference; lastKnownFileType = image.png; path = Aton_CreditsPage.png; sourceTree = "<group>"; };
		BDD3AEAD15491F7B0013C89A /* CreditViewController.h */ = {isa = PBXFileReference; fileEncoding = 4; lastKnownFileType = sourcecode.c.h; path = CreditViewController.h; sourceTree = "<group>"; };
		BDD3AEAE15491F7C0013C89A /* CreditViewController.m */ = {isa = PBXFileReference; fileEncoding = 4; lastKnownFileType = sourcecode.c.objc; path = CreditViewController.m; sourceTree = "<group>"; };
		BDD3AEB01549D2170013C89A /* AVFoundation.framework */ = {isa = PBXFileReference; lastKnownFileType = wrapper.framework; name = AVFoundation.framework; path = System/Library/Frameworks/AVFoundation.framework; sourceTree = SDKROOT; };
		BDD3AEB41549D2990013C89A /* rooster.aiff */ = {isa = PBXFileReference; lastKnownFileType = audio.aiff; path = rooster.aiff; sourceTree = "<group>"; };
		BDD3AEB61549D2A50013C89A /* sheep.wav */ = {isa = PBXFileReference; lastKnownFileType = audio.wav; path = sheep.wav; sourceTree = "<group>"; };
		BDD3AEBB1549FAD30013C89A /* train_crossing.mp3 */ = {isa = PBXFileReference; lastKnownFileType = audio.mp3; path = train_crossing.mp3; sourceTree = "<group>"; };
		BDD3AEC1154B932E0013C89A /* PlayerViewController.h */ = {isa = PBXFileReference; fileEncoding = 4; lastKnownFileType = sourcecode.c.h; path = PlayerViewController.h; sourceTree = "<group>"; };
		BDD3AEC2154B93300013C89A /* PlayerViewController.m */ = {isa = PBXFileReference; fileEncoding = 4; lastKnownFileType = sourcecode.c.objc; path = PlayerViewController.m; sourceTree = "<group>"; };
		BDD3AEC3154B93330013C89A /* PlayerViewController.xib */ = {isa = PBXFileReference; fileEncoding = 4; lastKnownFileType = file.xib; path = PlayerViewController.xib; sourceTree = "<group>"; };
		BDDA77A5153D293C003F3530 /* Aton_Icon72dpi.png */ = {isa = PBXFileReference; lastKnownFileType = image.png; path = Aton_Icon72dpi.png; sourceTree = "<group>"; };
		BDDA77AD153D2E43003F3530 /* White_Cylinder.png */ = {isa = PBXFileReference; lastKnownFileType = image.png; path = White_Cylinder.png; sourceTree = "<group>"; };
		BDDA77AE153D2E43003F3530 /* White_Cylinder.png.tmp$$ */ = {isa = PBXFileReference; lastKnownFileType = file; path = White_Cylinder.png.tmp$$; sourceTree = "<group>"; };
		BDDA77B5153D2FCC003F3530 /* Aton_IconPrist.png */ = {isa = PBXFileReference; lastKnownFileType = image.png; path = Aton_IconPrist.png; sourceTree = "<group>"; };
		BDDA77B7153D3038003F3530 /* Blue_Disc.png */ = {isa = PBXFileReference; lastKnownFileType = image.png; path = Blue_Disc.png; sourceTree = "<group>"; };
		BDDA77B9153D3070003F3530 /* Red_Disc.png */ = {isa = PBXFileReference; lastKnownFileType = image.png; path = Red_Disc.png; sourceTree = "<group>"; };
		BDDA77BD153D3202003F3530 /* Blue_Cylinder.png */ = {isa = PBXFileReference; lastKnownFileType = image.png; path = Blue_Cylinder.png; sourceTree = "<group>"; };
		BDDA77BE153D3202003F3530 /* Red_Cylinder.png */ = {isa = PBXFileReference; lastKnownFileType = image.png; path = Red_Cylinder.png; sourceTree = "<group>"; };
		BDDA77C1153DF2CA003F3530 /* AtonGameEngine.h */ = {isa = PBXFileReference; fileEncoding = 4; lastKnownFileType = sourcecode.c.h; path = AtonGameEngine.h; sourceTree = "<group>"; };
		BDDA77C2153DF2CA003F3530 /* AtonGameEngine.m */ = {isa = PBXFileReference; fileEncoding = 4; lastKnownFileType = sourcecode.c.objc; path = AtonGameEngine.m; sourceTree = "<group>"; };
		BDF3F6B715524060005D26EA /* Red_icon_big.png */ = {isa = PBXFileReference; lastKnownFileType = image.png; path = Red_icon_big.png; sourceTree = "<group>"; };
		BDF3F6BA1552406A005D26EA /* Blue_icon_big.png */ = {isa = PBXFileReference; lastKnownFileType = image.png; path = Blue_icon_big.png; sourceTree = "<group>"; };
		BDF3F6BC15524093005D26EA /* name_frame.png */ = {isa = PBXFileReference; lastKnownFileType = image.png; path = name_frame.png; sourceTree = "<group>"; };
		BDF3F6BF15524A21005D26EA /* scrollDown_blank.png */ = {isa = PBXFileReference; lastKnownFileType = image.png; path = scrollDown_blank.png; sourceTree = "<group>"; };
		BDF3F6C015524A21005D26EA /* scrollDown_done.png */ = {isa = PBXFileReference; lastKnownFileType = image.png; path = scrollDown_done.png; sourceTree = "<group>"; };
		BDF3F6C115524A21005D26EA /* scrollDown_exchange.png */ = {isa = PBXFileReference; lastKnownFileType = image.png; path = scrollDown_exchange.png; sourceTree = "<group>"; };
		BDF533EA1556ED11003BBA23 /* OpenMusic_Aton_new.wav */ = {isa = PBXFileReference; lastKnownFileType = audio.wav; path = OpenMusic_Aton_new.wav; sourceTree = "<group>"; };
		BDF533ED15573300003BBA23 /* RuleViewController.h */ = {isa = PBXFileReference; fileEncoding = 4; lastKnownFileType = sourcecode.c.h; path = RuleViewController.h; sourceTree = "<group>"; };
		BDF533EE15573300003BBA23 /* RuleViewController.m */ = {isa = PBXFileReference; fileEncoding = 4; lastKnownFileType = sourcecode.c.objc; path = RuleViewController.m; sourceTree = "<group>"; };
		BDF533F0155733A5003BBA23 /* rule_all_middle.png */ = {isa = PBXFileReference; lastKnownFileType = image.png; path = rule_all_middle.png; sourceTree = "<group>"; };
		BDF533F7155740C9003BBA23 /* button_back.png */ = {isa = PBXFileReference; lastKnownFileType = image.png; path = button_back.png; sourceTree = "<group>"; };
		BDF533F8155740C9003BBA23 /* button_no.png */ = {isa = PBXFileReference; lastKnownFileType = image.png; path = button_no.png; sourceTree = "<group>"; };
		BDF533F9155740C9003BBA23 /* button_play.png */ = {isa = PBXFileReference; lastKnownFileType = image.png; path = button_play.png; sourceTree = "<group>"; };
		BDF533FA155740C9003BBA23 /* button_yes.png */ = {isa = PBXFileReference; lastKnownFileType = image.png; path = button_yes.png; sourceTree = "<group>"; };
/* End PBXFileReference section */

/* Begin PBXFrameworksBuildPhase section */
		BD940B72153A1F0400660B35 /* Frameworks */ = {
			isa = PBXFrameworksBuildPhase;
			buildActionMask = 2147483647;
			files = (
				BDD3AEBA1549F7C90013C89A /* AVFoundation.framework in Frameworks */,
				BDAE7148153A8BEF001848F8 /* QuartzCore.framework in Frameworks */,
				BD940B7A153A1F0400660B35 /* UIKit.framework in Frameworks */,
				BD940B7C153A1F0400660B35 /* Foundation.framework in Frameworks */,
				BD940B7E153A1F0400660B35 /* CoreGraphics.framework in Frameworks */,
			);
			runOnlyForDeploymentPostprocessing = 0;
		};
		BD940B8C153A1F0500660B35 /* Frameworks */ = {
			isa = PBXFrameworksBuildPhase;
			buildActionMask = 2147483647;
			files = (
				BD940B92153A1F0500660B35 /* SenTestingKit.framework in Frameworks */,
				BD940B93153A1F0500660B35 /* UIKit.framework in Frameworks */,
				BD940B94153A1F0500660B35 /* Foundation.framework in Frameworks */,
			);
			runOnlyForDeploymentPostprocessing = 0;
		};
/* End PBXFrameworksBuildPhase section */

/* Begin PBXGroup section */
		BD16D228153CDB0400ED6DB9 /* GameClass */ = {
			isa = PBXGroup;
			children = (
				BD16D225153CD4F300ED6DB9 /* AtonGameParameters.h */,
				BD16D226153CD4F400ED6DB9 /* AtonGameParameters.m */,
				BD16D229153CDB3400ED6DB9 /* AtonGameInitializer.h */,
				BD16D22A153CDB3400ED6DB9 /* AtonGameInitializer.m */,
				BDDA77C2153DF2CA003F3530 /* AtonGameEngine.m */,
				BDDA77C1153DF2CA003F3530 /* AtonGameEngine.h */,
				BD3AF239153F81D30098DE8C /* AtonRoundResult.h */,
				BD3AF23A153F81D30098DE8C /* AtonRoundResult.m */,
				BD5A54C4153D188A009F5D71 /* AtonGameManager.h */,
				BD5A54C5153D188A009F5D71 /* AtonGameManager.m */,
			);
			name = GameClass;
			sourceTree = "<group>";
		};
		BD16D22C153CE05900ED6DB9 /* TempleClass */ = {
			isa = PBXGroup;
			children = (
				BDD3AE9E15476BA80013C89A /* TempleScoreResult.h */,
				BDD3AE9F15476BA90013C89A /* TempleScoreResult.m */,
				BD16D21F153C94BB00ED6DB9 /* TempleSlot.h */,
				BD16D220153C94BB00ED6DB9 /* TempleSlot.m */,
				BD16D222153CBF5A00ED6DB9 /* AtonTemple.h */,
				BD16D223153CBF5A00ED6DB9 /* AtonTemple.m */,
				BD16D22D153CE08400ED6DB9 /* TempleUtility.h */,
				BD16D22E153CE08400ED6DB9 /* TempleUtility.m */,
			);
			name = TempleClass;
			sourceTree = "<group>";
		};
		BD940B6A153A1F0400660B35 = {
			isa = PBXGroup;
			children = (
				BDDA77B5153D2FCC003F3530 /* Aton_IconPrist.png */,
				BDDA77A5153D293C003F3530 /* Aton_Icon72dpi.png */,
				BD940B7F153A1F0400660B35 /* AtonV1 */,
				BD940B97153A1F0500660B35 /* AtonV1Tests */,
				BD940B78153A1F0400660B35 /* Frameworks */,
				BD940B76153A1F0400660B35 /* Products */,
			);
			sourceTree = "<group>";
		};
		BD940B76153A1F0400660B35 /* Products */ = {
			isa = PBXGroup;
			children = (
				BD940B75153A1F0400660B35 /* Aton.app */,
				BD940B90153A1F0500660B35 /* AtonV1Tests.octest */,
			);
			name = Products;
			sourceTree = "<group>";
		};
		BD940B78153A1F0400660B35 /* Frameworks */ = {
			isa = PBXGroup;
			children = (
				BDAE7147153A8BEF001848F8 /* QuartzCore.framework */,
				BDD3AEB01549D2170013C89A /* AVFoundation.framework */,
				BD940B79153A1F0400660B35 /* UIKit.framework */,
				BD940B7B153A1F0400660B35 /* Foundation.framework */,
				BD940B7D153A1F0400660B35 /* CoreGraphics.framework */,
				BD940B91153A1F0500660B35 /* SenTestingKit.framework */,
			);
			name = Frameworks;
			sourceTree = "<group>";
		};
		BD940B7F153A1F0400660B35 /* AtonV1 */ = {
			isa = PBXGroup;
			children = (
				BD16D22C153CE05900ED6DB9 /* TempleClass */,
				BD16D228153CDB0400ED6DB9 /* GameClass */,
				BDAE713D153A6BB4001848F8 /* TouchClass */,
				BDAE7136153A4229001848F8 /* ElementClass */,
				BDD3AEBD1549FC540013C89A /* Sounds */,
				BDAE7112153A2EEF001848F8 /* Images */,
				BD940B80153A1F0400660B35 /* Supporting Files */,
				BD940B88153A1F0400660B35 /* AppDelegate.h */,
				BD940B89153A1F0400660B35 /* AppDelegate.m */,
				BDD3AEAD15491F7B0013C89A /* CreditViewController.h */,
				BDD3AEAE15491F7C0013C89A /* CreditViewController.m */,
				BD940BA8153A1F9300660B35 /* BoardViewController.h */,
				BD940BA9153A1F9300660B35 /* BoardViewController.m */,
				BDF533ED15573300003BBA23 /* RuleViewController.h */,
				BDF533EE15573300003BBA23 /* RuleViewController.m */,
				BD940BAA153A1F9300660B35 /* BoardViewController_iPad.xib */,
				BD5A54B9153D0703009F5D71 /* StartMenuViewController.h */,
				BD5A54BA153D0703009F5D71 /* StartMenuViewController.m */,
				BD5A54BB153D0703009F5D71 /* StartMenuViewController.xib */,
				BDD3AEC1154B932E0013C89A /* PlayerViewController.h */,
				BDD3AEC2154B93300013C89A /* PlayerViewController.m */,
				BDD3AEC3154B93330013C89A /* PlayerViewController.xib */,
				BD974087154C7570003F4E8F /* AtonMessageMaster.h */,
				BD974088154C7571003F4E8F /* AtonMessageMaster.m */,
			);
			path = AtonV1;
			sourceTree = "<group>";
		};
		BD940B80153A1F0400660B35 /* Supporting Files */ = {
			isa = PBXGroup;
			children = (
				BD940B81153A1F0400660B35 /* AtonV1-Info.plist */,
				BD940B82153A1F0400660B35 /* InfoPlist.strings */,
				BD940B85153A1F0400660B35 /* main.m */,
				BD940B87153A1F0400660B35 /* AtonV1-Prefix.pch */,
			);
			name = "Supporting Files";
			sourceTree = "<group>";
		};
		BD940B97153A1F0500660B35 /* AtonV1Tests */ = {
			isa = PBXGroup;
			children = (
				BD940B9D153A1F0500660B35 /* AtonV1Tests.h */,
				BD940B9E153A1F0500660B35 /* AtonV1Tests.m */,
				BD940B98153A1F0500660B35 /* Supporting Files */,
			);
			path = AtonV1Tests;
			sourceTree = "<group>";
		};
		BD940B98153A1F0500660B35 /* Supporting Files */ = {
			isa = PBXGroup;
			children = (
				BD940B99153A1F0500660B35 /* AtonV1Tests-Info.plist */,
				BD940B9A153A1F0500660B35 /* InfoPlist.strings */,
			);
			name = "Supporting Files";
			sourceTree = "<group>";
		};
		BDAE7112153A2EEF001848F8 /* Images */ = {
			isa = PBXGroup;
			children = (
				BDB58EB3155A3BFC0084AAC4 /* aton_CreditsPage_new.png */,
				BDF533F215573F03003BBA23 /* button_papyrus */,
				BDB5CE901555EC1600F96A0F /* BlueFlamePng */,
				BDB5CE721555E24D00F96A0F /* RedFlamePng */,
				BDF3F6BE15524A21005D26EA /* ScrollDown_papyrus */,
				BD97408C154C9AD6003F4E8F /* Blue_icon.png */,
				BDF3F6B715524060005D26EA /* Red_icon_big.png */,
				BDF3F6BA1552406A005D26EA /* Blue_icon_big.png */,
				BDF3F6BC15524093005D26EA /* name_frame.png */,
				BDAE7141153A7853001848F8 /* AtonTouchElement.h */,
				BD97408D154C9AD6003F4E8F /* Red_icon.png */,
				BDD3AEAB154913200013C89A /* Aton_CreditsPage.png */,
				BDD3AEA61548F80E0013C89A /* aton_mainBackground.png */,
				BDF533F0155733A5003BBA23 /* rule_all_middle.png */,
				BDD3AEA9154913080013C89A /* Aton_MessageScroll.png */,
				BD5A54C0153D126C009F5D71 /* ankh_small.png */,
				BDDA77A8153D2E43003F3530 /* Aton_disc_cylinder */,
				BD5A54C2153D1670009F5D71 /* Aton_OpenView150dpi.png */,
				BDAE7134153A3C90001848F8 /* Aton_gameBoard.png */,
				BDAE711F153A3BED001848F8 /* Aton_card */,
			);
			name = Images;
			sourceTree = "<group>";
		};
		BDAE711F153A3BED001848F8 /* Aton_card */ = {
			isa = PBXGroup;
			children = (
				BDD3AE9415435E290013C89A /* Blue_CardBack_stack.png */,
				BDAE7120153A3BED001848F8 /* Blue_Card1.png */,
				BDAE7121153A3BED001848F8 /* Blue_Card2.png */,
				BDAE7122153A3BED001848F8 /* Blue_Card3.png */,
				BDAE7123153A3BED001848F8 /* Blue_Card4.png */,
				BDAE7124153A3BED001848F8 /* Blue_CardBack.png */,
				BDD3AE921543552D0013C89A /* Red_CardBack_stack.png */,
				BDAE7125153A3BED001848F8 /* Red_Card1.png */,
				BDAE7126153A3BED001848F8 /* Red_Card2.png */,
				BDAE7127153A3BED001848F8 /* Red_Card3.png */,
				BDAE7128153A3BED001848F8 /* Red_Card4.png */,
				BDAE7129153A3BED001848F8 /* Red_CardBack.png */,
			);
			path = Aton_card;
			sourceTree = "<group>";
		};
		BDAE7136153A4229001848F8 /* ElementClass */ = {
			isa = PBXGroup;
			children = (
				BDAE7137153A4277001848F8 /* AtonPlayer.h */,
				BDAE7138153A4277001848F8 /* AtonPlayer.m */,
				BDAE7149153A9C81001848F8 /* CardElement.h */,
				BDAE714A153A9C81001848F8 /* CardElement.m */,
				BDD3AE8E154233380013C89A /* ScoreScarab.h */,
				BDD3AE8F154233380013C89A /* ScoreScarab.m */,
			);
			name = ElementClass;
			sourceTree = "<group>";
		};
		BDAE713D153A6BB4001848F8 /* TouchClass */ = {
			isa = PBXGroup;
			children = (
				BDAE7144153A79CA001848F8 /* AtonTouchBeganUtility.h */,
				BDAE7145153A79CA001848F8 /* AtonTouchBeganUtility.m */,
				BDAE713E153A6BE4001848F8 /* AtonTouchEndUtility.h */,
				BDAE713F153A6BE4001848F8 /* AtonTouchEndUtility.m */,
				BDAE7142153A7853001848F8 /* AtonTouchElement.m */,
				BD16D21B153BC91F00ED6DB9 /* AtonTouchMovedUtility.h */,
				BD16D21C153BC91F00ED6DB9 /* AtonTouchMovedUtility.m */,
			);
			name = TouchClass;
			sourceTree = "<group>";
		};
		BDB5CE721555E24D00F96A0F /* RedFlamePng */ = {
			isa = PBXGroup;
			children = (
				BDB5CE731555E24D00F96A0F /* Redflame1.png */,
				BDB5CE741555E24D00F96A0F /* Redflame10.png */,
				BDB5CE751555E24D00F96A0F /* Redflame11.png */,
				BDB5CE761555E24D00F96A0F /* Redflame12.png */,
				BDB5CE771555E24D00F96A0F /* Redflame13.png */,
				BDB5CE781555E24D00F96A0F /* Redflame14.png */,
				BDB5CE791555E24D00F96A0F /* Redflame2.png */,
				BDB5CE7A1555E24D00F96A0F /* Redflame3.png */,
				BDB5CE7B1555E24D00F96A0F /* Redflame4.png */,
				BDB5CE7C1555E24D00F96A0F /* Redflame5.png */,
				BDB5CE7D1555E24D00F96A0F /* Redflame6.png */,
				BDB5CE7E1555E24D00F96A0F /* Redflame7.png */,
				BDB5CE7F1555E24D00F96A0F /* Redflame8.png */,
				BDB5CE801555E24D00F96A0F /* Redflame9.png */,
			);
			name = RedFlamePng;
			path = FlamePng;
			sourceTree = "<group>";
		};
		BDB5CE901555EC1600F96A0F /* BlueFlamePng */ = {
			isa = PBXGroup;
			children = (
				BDB5CE911555EC1600F96A0F /* blueFlame1.png */,
				BDB5CE921555EC1600F96A0F /* blueFlame10.png */,
				BDB5CE931555EC1600F96A0F /* blueFlame11.png */,
				BDB5CE941555EC1600F96A0F /* blueFlame12.png */,
				BDB5CE951555EC1600F96A0F /* blueFlame2.png */,
				BDB5CE961555EC1600F96A0F /* blueFlame3.png */,
				BDB5CE971555EC1600F96A0F /* blueFlame4.png */,
				BDB5CE981555EC1600F96A0F /* blueFlame5.png */,
				BDB5CE991555EC1600F96A0F /* blueFlame6.png */,
				BDB5CE9A1555EC1600F96A0F /* blueFlame7.png */,
				BDB5CE9B1555EC1600F96A0F /* blueFlame8.png */,
				BDB5CE9C1555EC1600F96A0F /* blueFlame9.png */,
			);
			name = BlueFlamePng;
			path = "blueFlame png";
			sourceTree = "<group>";
		};
		BDD3AEBD1549FC540013C89A /* Sounds */ = {
			isa = PBXGroup;
			children = (
				BDB58EAB1558D69A0084AAC4 /* page-flip-16.mp3 */,
				BDB58EA31558CA810084AAC4 /* egyptJungle.mp3 */,
				BDB58E9F1558C7CE0084AAC4 /* button-22.wav */,
				BDB58EA11558CA5E0084AAC4 /* switch-22.mp3 */,
				BDB58EA51558CC980084AAC4 /* switch-22.aiff */,
				BDB58EAD1558DBB30084AAC4 /* button-50.wav */,
				BDB58EA91558D1540084AAC4 /* whip_deathTemple.aiff */,
				BDB58EA71558CCB30084AAC4 /* cherokee_war_drum.aiff */,
				BD974090154C9BCC003F4E8F /* chime.mp3 */,
				BDF533EA1556ED11003BBA23 /* OpenMusic_Aton_new.wav */,
				BD974092154CB86A003F4E8F /* OpenMusic_Aton.mp3 */,
				BDD3AEB61549D2A50013C89A /* sheep.wav */,
				BDD3AEB41549D2990013C89A /* rooster.aiff */,
				BDD3AEBB1549FAD30013C89A /* train_crossing.mp3 */,
			);
			name = Sounds;
			sourceTree = "<group>";
		};
		BDDA77A8153D2E43003F3530 /* Aton_disc_cylinder */ = {
			isa = PBXGroup;
			children = (
				BDDA77BD153D3202003F3530 /* Blue_Cylinder.png */,
				BDDA77BE153D3202003F3530 /* Red_Cylinder.png */,
				BDDA77B7153D3038003F3530 /* Blue_Disc.png */,
				BDDA77B9153D3070003F3530 /* Red_Disc.png */,
				BDDA77AD153D2E43003F3530 /* White_Cylinder.png */,
				BDDA77AE153D2E43003F3530 /* White_Cylinder.png.tmp$$ */,
			);
			path = Aton_disc_cylinder;
			sourceTree = "<group>";
		};
		BDF3F6BE15524A21005D26EA /* ScrollDown_papyrus */ = {
			isa = PBXGroup;
			children = (
				BDF3F6BF15524A21005D26EA /* scrollDown_blank.png */,
				BDF3F6C015524A21005D26EA /* scrollDown_done.png */,
				BDF3F6C115524A21005D26EA /* scrollDown_exchange.png */,
			);
			path = ScrollDown_papyrus;
			sourceTree = "<group>";
		};
		BDF533F215573F03003BBA23 /* button_papyrus */ = {
			isa = PBXGroup;
			children = (
				BDF533F7155740C9003BBA23 /* button_back.png */,
				BDF533F8155740C9003BBA23 /* button_no.png */,
				BDF533F9155740C9003BBA23 /* button_play.png */,
				BDF533FA155740C9003BBA23 /* button_yes.png */,
			);
			path = button_papyrus;
			sourceTree = "<group>";
		};
/* End PBXGroup section */

/* Begin PBXNativeTarget section */
		BD940B74153A1F0400660B35 /* AtonV1 */ = {
			isa = PBXNativeTarget;
			buildConfigurationList = BD940BA2153A1F0500660B35 /* Build configuration list for PBXNativeTarget "AtonV1" */;
			buildPhases = (
				BD940B71153A1F0400660B35 /* Sources */,
				BD940B72153A1F0400660B35 /* Frameworks */,
				BD940B73153A1F0400660B35 /* Resources */,
			);
			buildRules = (
			);
			dependencies = (
			);
			name = AtonV1;
			productName = AtonV1;
			productReference = BD940B75153A1F0400660B35 /* Aton.app */;
			productType = "com.apple.product-type.application";
		};
		BD940B8F153A1F0500660B35 /* AtonV1Tests */ = {
			isa = PBXNativeTarget;
			buildConfigurationList = BD940BA5153A1F0500660B35 /* Build configuration list for PBXNativeTarget "AtonV1Tests" */;
			buildPhases = (
				BD940B8B153A1F0500660B35 /* Sources */,
				BD940B8C153A1F0500660B35 /* Frameworks */,
				BD940B8D153A1F0500660B35 /* Resources */,
				BD940B8E153A1F0500660B35 /* ShellScript */,
			);
			buildRules = (
			);
			dependencies = (
				BD940B96153A1F0500660B35 /* PBXTargetDependency */,
			);
			name = AtonV1Tests;
			productName = AtonV1Tests;
			productReference = BD940B90153A1F0500660B35 /* AtonV1Tests.octest */;
			productType = "com.apple.product-type.bundle";
		};
/* End PBXNativeTarget section */

/* Begin PBXProject section */
		BD940B6C153A1F0400660B35 /* Project object */ = {
			isa = PBXProject;
			attributes = {
				LastUpgradeCheck = 0430;
			};
			buildConfigurationList = BD940B6F153A1F0400660B35 /* Build configuration list for PBXProject "AtonV1" */;
			compatibilityVersion = "Xcode 3.2";
			developmentRegion = English;
			hasScannedForEncodings = 0;
			knownRegions = (
				en,
			);
			mainGroup = BD940B6A153A1F0400660B35;
			productRefGroup = BD940B76153A1F0400660B35 /* Products */;
			projectDirPath = "";
			projectRoot = "";
			targets = (
				BD940B74153A1F0400660B35 /* AtonV1 */,
				BD940B8F153A1F0500660B35 /* AtonV1Tests */,
			);
		};
/* End PBXProject section */

/* Begin PBXResourcesBuildPhase section */
		BD940B73153A1F0400660B35 /* Resources */ = {
			isa = PBXResourcesBuildPhase;
			buildActionMask = 2147483647;
			files = (
				BD940B84153A1F0400660B35 /* InfoPlist.strings in Resources */,
				BD940BAC153A1F9300660B35 /* BoardViewController_iPad.xib in Resources */,
				BDAE712A153A3BED001848F8 /* Blue_Card1.png in Resources */,
				BDAE712B153A3BED001848F8 /* Blue_Card2.png in Resources */,
				BDAE712C153A3BED001848F8 /* Blue_Card3.png in Resources */,
				BDAE712D153A3BED001848F8 /* Blue_Card4.png in Resources */,
				BDAE712E153A3BED001848F8 /* Blue_CardBack.png in Resources */,
				BDAE712F153A3BED001848F8 /* Red_Card1.png in Resources */,
				BDAE7130153A3BED001848F8 /* Red_Card2.png in Resources */,
				BDAE7131153A3BED001848F8 /* Red_Card3.png in Resources */,
				BDAE7132153A3BED001848F8 /* Red_Card4.png in Resources */,
				BDAE7133153A3BED001848F8 /* Red_CardBack.png in Resources */,
				BDAE7135153A3C90001848F8 /* Aton_gameBoard.png in Resources */,
				BD5A54BD153D0703009F5D71 /* StartMenuViewController.xib in Resources */,
				BD5A54C1153D126C009F5D71 /* ankh_small.png in Resources */,
				BD5A54C3153D1670009F5D71 /* Aton_OpenView150dpi.png in Resources */,
				BDDA77A7153D2983003F3530 /* Aton_Icon72dpi.png in Resources */,
				BDDA77B3153D2E43003F3530 /* White_Cylinder.png in Resources */,
				BDDA77B4153D2E43003F3530 /* White_Cylinder.png.tmp$$ in Resources */,
				BDDA77B6153D2FCC003F3530 /* Aton_IconPrist.png in Resources */,
				BDDA77B8153D3038003F3530 /* Blue_Disc.png in Resources */,
				BDDA77BA153D3070003F3530 /* Red_Disc.png in Resources */,
				BDDA77BF153D3202003F3530 /* Blue_Cylinder.png in Resources */,
				BDDA77C0153D3202003F3530 /* Red_Cylinder.png in Resources */,
				BDD3AE931543552D0013C89A /* Red_CardBack_stack.png in Resources */,
				BDD3AE9515435E290013C89A /* Blue_CardBack_stack.png in Resources */,
				BDD3AEA71548F80E0013C89A /* aton_mainBackground.png in Resources */,
				BDD3AEAA154913080013C89A /* Aton_MessageScroll.png in Resources */,
				BDD3AEAC154913200013C89A /* Aton_CreditsPage.png in Resources */,
				BDD3AEB51549D2990013C89A /* rooster.aiff in Resources */,
				BDD3AEB71549D2A50013C89A /* sheep.wav in Resources */,
				BDD3AEBC1549FAD30013C89A /* train_crossing.mp3 in Resources */,
				BDD3AEC5154B93340013C89A /* PlayerViewController.xib in Resources */,
				BD97408E154C9AD6003F4E8F /* Blue_icon.png in Resources */,
				BD97408F154C9AD6003F4E8F /* Red_icon.png in Resources */,
				BD974091154C9BCC003F4E8F /* chime.mp3 in Resources */,
				BD974093154CB86A003F4E8F /* OpenMusic_Aton.mp3 in Resources */,
				BDF3F6B815524060005D26EA /* Red_icon_big.png in Resources */,
				BDF3F6BB1552406A005D26EA /* Blue_icon_big.png in Resources */,
				BDF3F6BD15524093005D26EA /* name_frame.png in Resources */,
				BDF3F6C215524A21005D26EA /* scrollDown_blank.png in Resources */,
				BDF3F6C315524A21005D26EA /* scrollDown_done.png in Resources */,
				BDF3F6C415524A21005D26EA /* scrollDown_exchange.png in Resources */,
				BDB5CE811555E24D00F96A0F /* Redflame1.png in Resources */,
				BDB5CE821555E24D00F96A0F /* Redflame10.png in Resources */,
				BDB5CE831555E24D00F96A0F /* Redflame11.png in Resources */,
				BDB5CE841555E24D00F96A0F /* Redflame12.png in Resources */,
				BDB5CE851555E24D00F96A0F /* Redflame13.png in Resources */,
				BDB5CE861555E24D00F96A0F /* Redflame14.png in Resources */,
				BDB5CE871555E24D00F96A0F /* Redflame2.png in Resources */,
				BDB5CE881555E24D00F96A0F /* Redflame3.png in Resources */,
				BDB5CE891555E24D00F96A0F /* Redflame4.png in Resources */,
				BDB5CE8A1555E24D00F96A0F /* Redflame5.png in Resources */,
				BDB5CE8B1555E24D00F96A0F /* Redflame6.png in Resources */,
				BDB5CE8C1555E24D00F96A0F /* Redflame7.png in Resources */,
				BDB5CE8D1555E24D00F96A0F /* Redflame8.png in Resources */,
				BDB5CE8E1555E24D00F96A0F /* Redflame9.png in Resources */,
				BDB5CE9D1555EC1600F96A0F /* blueFlame1.png in Resources */,
				BDB5CE9E1555EC1600F96A0F /* blueFlame10.png in Resources */,
				BDB5CE9F1555EC1600F96A0F /* blueFlame11.png in Resources */,
				BDB5CEA01555EC1600F96A0F /* blueFlame12.png in Resources */,
				BDB5CEA11555EC1600F96A0F /* blueFlame2.png in Resources */,
				BDB5CEA21555EC1600F96A0F /* blueFlame3.png in Resources */,
				BDB5CEA31555EC1600F96A0F /* blueFlame4.png in Resources */,
				BDB5CEA41555EC1600F96A0F /* blueFlame5.png in Resources */,
				BDB5CEA51555EC1600F96A0F /* blueFlame6.png in Resources */,
				BDB5CEA61555EC1600F96A0F /* blueFlame7.png in Resources */,
				BDB5CEA71555EC1600F96A0F /* blueFlame8.png in Resources */,
				BDB5CEA81555EC1600F96A0F /* blueFlame9.png in Resources */,
				BDF533EB1556ED11003BBA23 /* OpenMusic_Aton_new.wav in Resources */,
				BDF533F1155733A5003BBA23 /* rule_all_middle.png in Resources */,
				BDF533FB155740C9003BBA23 /* button_back.png in Resources */,
				BDF533FC155740C9003BBA23 /* button_no.png in Resources */,
				BDF533FD155740C9003BBA23 /* button_play.png in Resources */,
				BDF533FE155740C9003BBA23 /* button_yes.png in Resources */,
				BDB58EA01558C7CE0084AAC4 /* button-22.wav in Resources */,
				BDB58EA21558CA5E0084AAC4 /* switch-22.mp3 in Resources */,
				BDB58EA41558CA810084AAC4 /* egyptJungle.mp3 in Resources */,
				BDB58EA61558CC980084AAC4 /* switch-22.aiff in Resources */,
				BDB58EA81558CCB30084AAC4 /* cherokee_war_drum.aiff in Resources */,
				BDB58EAA1558D1540084AAC4 /* whip_deathTemple.aiff in Resources */,
				BDB58EAC1558D69A0084AAC4 /* page-flip-16.mp3 in Resources */,
				BDB58EAE1558DBB30084AAC4 /* button-50.wav in Resources */,
				BDB58EB4155A3BFC0084AAC4 /* aton_CreditsPage_new.png in Resources */,
			);
			runOnlyForDeploymentPostprocessing = 0;
		};
		BD940B8D153A1F0500660B35 /* Resources */ = {
			isa = PBXResourcesBuildPhase;
			buildActionMask = 2147483647;
			files = (
				BD940B9C153A1F0500660B35 /* InfoPlist.strings in Resources */,
			);
			runOnlyForDeploymentPostprocessing = 0;
		};
/* End PBXResourcesBuildPhase section */

/* Begin PBXShellScriptBuildPhase section */
		BD940B8E153A1F0500660B35 /* ShellScript */ = {
			isa = PBXShellScriptBuildPhase;
			buildActionMask = 2147483647;
			files = (
			);
			inputPaths = (
			);
			outputPaths = (
			);
			runOnlyForDeploymentPostprocessing = 0;
			shellPath = /bin/sh;
			shellScript = "# Run the unit tests in this test bundle.\n\"${SYSTEM_DEVELOPER_DIR}/Tools/RunUnitTests\"\n";
		};
/* End PBXShellScriptBuildPhase section */

/* Begin PBXSourcesBuildPhase section */
		BD940B71153A1F0400660B35 /* Sources */ = {
			isa = PBXSourcesBuildPhase;
			buildActionMask = 2147483647;
			files = (
				BD940B86153A1F0400660B35 /* main.m in Sources */,
				BD940B8A153A1F0400660B35 /* AppDelegate.m in Sources */,
				BD940BAB153A1F9300660B35 /* BoardViewController.m in Sources */,
				BDAE7139153A4277001848F8 /* AtonPlayer.m in Sources */,
				BDAE7140153A6BE4001848F8 /* AtonTouchEndUtility.m in Sources */,
				BDAE7143153A7853001848F8 /* AtonTouchElement.m in Sources */,
				BDAE7146153A79CA001848F8 /* AtonTouchBeganUtility.m in Sources */,
				BDAE714B153A9C81001848F8 /* CardElement.m in Sources */,
				BD16D21D153BC91F00ED6DB9 /* AtonTouchMovedUtility.m in Sources */,
				BD16D221153C94BB00ED6DB9 /* TempleSlot.m in Sources */,
				BD16D224153CBF5A00ED6DB9 /* AtonTemple.m in Sources */,
				BD16D227153CD4F500ED6DB9 /* AtonGameParameters.m in Sources */,
				BD16D22B153CDB3400ED6DB9 /* AtonGameInitializer.m in Sources */,
				BD16D22F153CE08400ED6DB9 /* TempleUtility.m in Sources */,
				BD5A54BC153D0703009F5D71 /* StartMenuViewController.m in Sources */,
				BD5A54C6153D188A009F5D71 /* AtonGameManager.m in Sources */,
				BDDA77C3153DF2CA003F3530 /* AtonGameEngine.m in Sources */,
				BD3AF23B153F81D30098DE8C /* AtonRoundResult.m in Sources */,
				BDD3AE90154233380013C89A /* ScoreScarab.m in Sources */,
				BDD3AEA015476BA90013C89A /* TempleScoreResult.m in Sources */,
				BDD3AEAF15491F7D0013C89A /* CreditViewController.m in Sources */,
				BDD3AEC4154B93340013C89A /* PlayerViewController.m in Sources */,
				BD974089154C7571003F4E8F /* AtonMessageMaster.m in Sources */,
				BDF533EF15573300003BBA23 /* RuleViewController.m in Sources */,
			);
			runOnlyForDeploymentPostprocessing = 0;
		};
		BD940B8B153A1F0500660B35 /* Sources */ = {
			isa = PBXSourcesBuildPhase;
			buildActionMask = 2147483647;
			files = (
				BD940B9F153A1F0500660B35 /* AtonV1Tests.m in Sources */,
			);
			runOnlyForDeploymentPostprocessing = 0;
		};
/* End PBXSourcesBuildPhase section */

/* Begin PBXTargetDependency section */
		BD940B96153A1F0500660B35 /* PBXTargetDependency */ = {
			isa = PBXTargetDependency;
			target = BD940B74153A1F0400660B35 /* AtonV1 */;
			targetProxy = BD940B95153A1F0500660B35 /* PBXContainerItemProxy */;
		};
/* End PBXTargetDependency section */

/* Begin PBXVariantGroup section */
		BD940B82153A1F0400660B35 /* InfoPlist.strings */ = {
			isa = PBXVariantGroup;
			children = (
				BD940B83153A1F0400660B35 /* en */,
			);
			name = InfoPlist.strings;
			sourceTree = "<group>";
		};
		BD940B9A153A1F0500660B35 /* InfoPlist.strings */ = {
			isa = PBXVariantGroup;
			children = (
				BD940B9B153A1F0500660B35 /* en */,
			);
			name = InfoPlist.strings;
			sourceTree = "<group>";
		};
/* End PBXVariantGroup section */

/* Begin XCBuildConfiguration section */
		BD940BA0153A1F0500660B35 /* Debug */ = {
			isa = XCBuildConfiguration;
			buildSettings = {
				ALWAYS_SEARCH_USER_PATHS = NO;
				ARCHS = "$(ARCHS_STANDARD_32_BIT)";
				CLANG_ENABLE_OBJC_ARC = YES;
				"CODE_SIGN_IDENTITY[sdk=iphoneos*]" = "iPhone Developer";
				COPY_PHASE_STRIP = NO;
				GCC_C_LANGUAGE_STANDARD = gnu99;
				GCC_DYNAMIC_NO_PIC = NO;
				GCC_OPTIMIZATION_LEVEL = 0;
				GCC_PREPROCESSOR_DEFINITIONS = (
					"DEBUG=1",
					"$(inherited)",
				);
				GCC_SYMBOLS_PRIVATE_EXTERN = NO;
				GCC_VERSION = com.apple.compilers.llvm.clang.1_0;
				GCC_WARN_ABOUT_RETURN_TYPE = YES;
				GCC_WARN_UNINITIALIZED_AUTOS = YES;
				GCC_WARN_UNUSED_VARIABLE = YES;
				IPHONEOS_DEPLOYMENT_TARGET = 5.1;
				SDKROOT = iphoneos;
				TARGETED_DEVICE_FAMILY = "1,2";
			};
			name = Debug;
		};
		BD940BA1153A1F0500660B35 /* Release */ = {
			isa = XCBuildConfiguration;
			buildSettings = {
				ALWAYS_SEARCH_USER_PATHS = NO;
				ARCHS = "$(ARCHS_STANDARD_32_BIT)";
				CLANG_ENABLE_OBJC_ARC = YES;
				"CODE_SIGN_IDENTITY[sdk=iphoneos*]" = "iPhone Developer";
				COPY_PHASE_STRIP = YES;
				GCC_C_LANGUAGE_STANDARD = gnu99;
				GCC_VERSION = com.apple.compilers.llvm.clang.1_0;
				GCC_WARN_ABOUT_RETURN_TYPE = YES;
				GCC_WARN_UNINITIALIZED_AUTOS = YES;
				GCC_WARN_UNUSED_VARIABLE = YES;
				IPHONEOS_DEPLOYMENT_TARGET = 5.1;
				OTHER_CFLAGS = "-DNS_BLOCK_ASSERTIONS=1";
				SDKROOT = iphoneos;
				TARGETED_DEVICE_FAMILY = "1,2";
				VALIDATE_PRODUCT = YES;
			};
			name = Release;
		};
		BD940BA3153A1F0500660B35 /* Debug */ = {
			isa = XCBuildConfiguration;
			buildSettings = {
				GCC_PRECOMPILE_PREFIX_HEADER = YES;
				GCC_PREFIX_HEADER = "AtonV1/AtonV1-Prefix.pch";
				INFOPLIST_FILE = "AtonV1/AtonV1-Info.plist";
				IPHONEOS_DEPLOYMENT_TARGET = 5.1;
				PRODUCT_NAME = Aton;
				WRAPPER_EXTENSION = app;
			};
			name = Debug;
		};
		BD940BA4153A1F0500660B35 /* Release */ = {
			isa = XCBuildConfiguration;
			buildSettings = {
				GCC_PRECOMPILE_PREFIX_HEADER = YES;
				GCC_PREFIX_HEADER = "AtonV1/AtonV1-Prefix.pch";
				INFOPLIST_FILE = "AtonV1/AtonV1-Info.plist";
				IPHONEOS_DEPLOYMENT_TARGET = 5.1;
				PRODUCT_NAME = Aton;
				WRAPPER_EXTENSION = app;
			};
			name = Release;
		};
		BD940BA6153A1F0500660B35 /* Debug */ = {
			isa = XCBuildConfiguration;
			buildSettings = {
				BUNDLE_LOADER = "$(BUILT_PRODUCTS_DIR)/AtonV1.app/AtonV1";
				FRAMEWORK_SEARCH_PATHS = (
					"$(SDKROOT)/Developer/Library/Frameworks",
					"$(DEVELOPER_LIBRARY_DIR)/Frameworks",
				);
				GCC_PRECOMPILE_PREFIX_HEADER = YES;
				GCC_PREFIX_HEADER = "AtonV1/AtonV1-Prefix.pch";
				INFOPLIST_FILE = "AtonV1Tests/AtonV1Tests-Info.plist";
				PRODUCT_NAME = "$(TARGET_NAME)";
				TEST_HOST = "$(BUNDLE_LOADER)";
				WRAPPER_EXTENSION = octest;
			};
			name = Debug;
		};
		BD940BA7153A1F0500660B35 /* Release */ = {
			isa = XCBuildConfiguration;
			buildSettings = {
				BUNDLE_LOADER = "$(BUILT_PRODUCTS_DIR)/AtonV1.app/AtonV1";
				FRAMEWORK_SEARCH_PATHS = (
					"$(SDKROOT)/Developer/Library/Frameworks",
					"$(DEVELOPER_LIBRARY_DIR)/Frameworks",
				);
				GCC_PRECOMPILE_PREFIX_HEADER = YES;
				GCC_PREFIX_HEADER = "AtonV1/AtonV1-Prefix.pch";
				INFOPLIST_FILE = "AtonV1Tests/AtonV1Tests-Info.plist";
				PRODUCT_NAME = "$(TARGET_NAME)";
				TEST_HOST = "$(BUNDLE_LOADER)";
				WRAPPER_EXTENSION = octest;
			};
			name = Release;
		};
/* End XCBuildConfiguration section */

/* Begin XCConfigurationList section */
		BD940B6F153A1F0400660B35 /* Build configuration list for PBXProject "AtonV1" */ = {
			isa = XCConfigurationList;
			buildConfigurations = (
				BD940BA0153A1F0500660B35 /* Debug */,
				BD940BA1153A1F0500660B35 /* Release */,
			);
			defaultConfigurationIsVisible = 0;
			defaultConfigurationName = Release;
		};
		BD940BA2153A1F0500660B35 /* Build configuration list for PBXNativeTarget "AtonV1" */ = {
			isa = XCConfigurationList;
			buildConfigurations = (
				BD940BA3153A1F0500660B35 /* Debug */,
				BD940BA4153A1F0500660B35 /* Release */,
			);
			defaultConfigurationIsVisible = 0;
			defaultConfigurationName = Release;
		};
		BD940BA5153A1F0500660B35 /* Build configuration list for PBXNativeTarget "AtonV1Tests" */ = {
			isa = XCConfigurationList;
			buildConfigurations = (
				BD940BA6153A1F0500660B35 /* Debug */,
				BD940BA7153A1F0500660B35 /* Release */,
			);
			defaultConfigurationIsVisible = 0;
			defaultConfigurationName = Release;
		};
/* End XCConfigurationList section */
	};
	rootObject = BD940B6C153A1F0400660B35 /* Project object */;
}
